
Microsoft Visual Studio Solution File, Format Version 12.00
# Visual Studio Version 17
VisualStudioVersion = 17.7.34009.444
MinimumVisualStudioVersion = 10.0.40219.1
Project("{FAE04EC0-301F-11D3-BF4B-00C04F79EFBC}") = "part1_proyectfinal", "part1_proyectfinal\part1_proyectfinal.csproj", "{D81051DD-068D-446A-82B5-495B6B761B1E}"
EndProject
Global
	GlobalSection(SolutionConfigurationPlatforms) = preSolution
		Debug|Any CPU = Debug|Any CPU
		Release|Any CPU = Release|Any CPU
	EndGlobalSection
	GlobalSection(ProjectConfigurationPlatforms) = postSolution
		{D81051DD-068D-446A-82B5-495B6B761B1E}.Debug|Any CPU.ActiveCfg = Debug|Any CPU
		{D81051DD-068D-446A-82B5-495B6B761B1E}.Debug|Any CPU.Build.0 = Debug|Any CPU
		{D81051DD-068D-446A-82B5-495B6B761B1E}.Release|Any CPU.ActiveCfg = Release|Any CPU
		{D81051DD-068D-446A-82B5-495B6B761B1E}.Release|Any CPU.Build.0 = Release|Any CPU
	EndGlobalSection
	GlobalSection(SolutionProperties) = preSolution
		HideSolutionNode = FALSE
	EndGlobalSection
	GlobalSection(ExtensibilityGlobals) = postSolution
		SolutionGuid = {D4F20DB2-B87F-42BE-9CCC-7763AC4DD056}
	EndGlobalSection
EndGlobal
